
Microsoft Visual Studio Solution File, Format Version 12.00
# Visual Studio Version 16
VisualStudioVersion = 16.0.31410.357
MinimumVisualStudioVersion = 10.0.40219.1
Project("{FAE04EC0-301F-11D3-BF4B-00C04F79EFBC}") = "Stardew Valley - A Murder Mystery", "Stardew Valley - A Murder Mystery\Stardew Valley - A Murder Mystery.csproj", "{7B6908A7-72CE-4C74-B2C8-96C3297455A6}"
EndProject
Global
	GlobalSection(SolutionConfigurationPlatforms) = preSolution
		Debug|Any CPU = Debug|Any CPU
		Release|Any CPU = Release|Any CPU
	EndGlobalSection
	GlobalSection(ProjectConfigurationPlatforms) = postSolution
		{7B6908A7-72CE-4C74-B2C8-96C3297455A6}.Debug|Any CPU.ActiveCfg = Debug|Any CPU
		{7B6908A7-72CE-4C74-B2C8-96C3297455A6}.Debug|Any CPU.Build.0 = Debug|Any CPU
		{7B6908A7-72CE-4C74-B2C8-96C3297455A6}.Release|Any CPU.ActiveCfg = Release|Any CPU
		{7B6908A7-72CE-4C74-B2C8-96C3297455A6}.Release|Any CPU.Build.0 = Release|Any CPU
	EndGlobalSection
	GlobalSection(SolutionProperties) = preSolution
		HideSolutionNode = FALSE
	EndGlobalSection
	GlobalSection(ExtensibilityGlobals) = postSolution
		SolutionGuid = {8435140F-A6AD-45DB-8472-26DA6529D895}
	EndGlobalSection
EndGlobal
